
Microsoft Visual Studio Solution File, Format Version 12.00
# Visual Studio Version 17
VisualStudioVersion = 17.8.34525.116
MinimumVisualStudioVersion = 10.0.40219.1
Project("{FAE04EC0-301F-11D3-BF4B-00C04F79EFBC}") = "trpo_lab1G", "trpo_lab1G.csproj", "{095176BD-D8E1-4E52-815E-A730AB44B773}"
EndProject
Global
	GlobalSection(SolutionConfigurationPlatforms) = preSolution
		Debug|Any CPU = Debug|Any CPU
		Release|Any CPU = Release|Any CPU
	EndGlobalSection
	GlobalSection(ProjectConfigurationPlatforms) = postSolution
		{095176BD-D8E1-4E52-815E-A730AB44B773}.Debug|Any CPU.ActiveCfg = Debug|Any CPU
		{095176BD-D8E1-4E52-815E-A730AB44B773}.Debug|Any CPU.Build.0 = Debug|Any CPU
		{095176BD-D8E1-4E52-815E-A730AB44B773}.Release|Any CPU.ActiveCfg = Release|Any CPU
		{095176BD-D8E1-4E52-815E-A730AB44B773}.Release|Any CPU.Build.0 = Release|Any CPU
	EndGlobalSection
	GlobalSection(SolutionProperties) = preSolution
		HideSolutionNode = FALSE
	EndGlobalSection
	GlobalSection(ExtensibilityGlobals) = postSolution
		SolutionGuid = {68E6CEB7-3B87-4640-A05C-F306B6B4683B}
	EndGlobalSection
EndGlobal
