
Microsoft Visual Studio Solution File, Format Version 12.00
# Visual Studio Version 17
VisualStudioVersion = 17.8.34525.116
MinimumVisualStudioVersion = 10.0.40219.1
Project("{FAE04EC0-301F-11D3-BF4B-00C04F79EFBC}") = "Lab8", "Lab8.csproj", "{F551EB79-0CA6-404C-98C9-E84E16036974}"
EndProject
Global
	GlobalSection(SolutionConfigurationPlatforms) = preSolution
		Debug|Any CPU = Debug|Any CPU
		Release|Any CPU = Release|Any CPU
	EndGlobalSection
	GlobalSection(ProjectConfigurationPlatforms) = postSolution
		{F551EB79-0CA6-404C-98C9-E84E16036974}.Debug|Any CPU.ActiveCfg = Debug|Any CPU
		{F551EB79-0CA6-404C-98C9-E84E16036974}.Debug|Any CPU.Build.0 = Debug|Any CPU
		{F551EB79-0CA6-404C-98C9-E84E16036974}.Release|Any CPU.ActiveCfg = Release|Any CPU
		{F551EB79-0CA6-404C-98C9-E84E16036974}.Release|Any CPU.Build.0 = Release|Any CPU
	EndGlobalSection
	GlobalSection(SolutionProperties) = preSolution
		HideSolutionNode = FALSE
	EndGlobalSection
	GlobalSection(ExtensibilityGlobals) = postSolution
		SolutionGuid = {7C70F3BA-779A-4BFB-B5E4-C6D40B1A8862}
	EndGlobalSection
EndGlobal
